
Microsoft Visual Studio Solution File, Format Version 12.00
# Visual Studio Version 17
VisualStudioVersion = 17.1.32210.238
MinimumVisualStudioVersion = 10.0.40219.1
Project("{FAE04EC0-301F-11D3-BF4B-00C04F79EFBC}") = "tp4_1302203122", "tp4_1302203122\tp4_1302203122.csproj", "{0D0D6D4A-74CF-4C16-8C0E-C3086E7C7C17}"
EndProject
Global
	GlobalSection(SolutionConfigurationPlatforms) = preSolution
		Debug|Any CPU = Debug|Any CPU
		Release|Any CPU = Release|Any CPU
	EndGlobalSection
	GlobalSection(ProjectConfigurationPlatforms) = postSolution
		{0D0D6D4A-74CF-4C16-8C0E-C3086E7C7C17}.Debug|Any CPU.ActiveCfg = Debug|Any CPU
		{0D0D6D4A-74CF-4C16-8C0E-C3086E7C7C17}.Debug|Any CPU.Build.0 = Debug|Any CPU
		{0D0D6D4A-74CF-4C16-8C0E-C3086E7C7C17}.Release|Any CPU.ActiveCfg = Release|Any CPU
		{0D0D6D4A-74CF-4C16-8C0E-C3086E7C7C17}.Release|Any CPU.Build.0 = Release|Any CPU
	EndGlobalSection
	GlobalSection(SolutionProperties) = preSolution
		HideSolutionNode = FALSE
	EndGlobalSection
	GlobalSection(ExtensibilityGlobals) = postSolution
		SolutionGuid = {A604D10D-82FC-4FC1-BB9B-DAD53DA15E66}
	EndGlobalSection
EndGlobal
